
Microsoft Visual Studio Solution File, Format Version 12.00
# Visual Studio Version 17
VisualStudioVersion = 17.14.36408.4
MinimumVisualStudioVersion = 10.0.40219.1
Project("{2150E333-8FDC-42A3-9474-1A3956D46DE8}") = "Bootstrapper", "Bootstrapper", "{02EA681E-C7D8-13C7-8484-4AC65E1B71E8}"
EndProject
Project("{2150E333-8FDC-42A3-9474-1A3956D46DE8}") = "Modules", "Modules", "{02D68F58-480F-40B7-B168-4FAD64D60F73}"
EndProject
Project("{2150E333-8FDC-42A3-9474-1A3956D46DE8}") = "Shared", "Shared", "{C2C4E7C3-D4A7-48D2-A73E-B3428A36FBD0}"
EndProject
Project("{FAE04EC0-301F-11D3-BF4B-00C04F79EFBC}") = "Api", "Bootstrapper\Api\Api.csproj", "{EEEB08BC-1BF7-4326-BEB4-13D9D6693011}"
EndProject
Project("{2150E333-8FDC-42A3-9474-1A3956D46DE8}") = "Catalog", "Catalog", "{CE03BBD9-6C65-43B5-BD5A-49076FEF1D06}"
EndProject
Project("{2150E333-8FDC-42A3-9474-1A3956D46DE8}") = "Basket", "Basket", "{D2EEFD32-46C1-4418-85E8-D5349D312AD0}"
EndProject
Project("{2150E333-8FDC-42A3-9474-1A3956D46DE8}") = "Ordering", "Ordering", "{33658409-8F4F-4B2A-981B-36351D99482F}"
EndProject
Project("{FAE04EC0-301F-11D3-BF4B-00C04F79EFBC}") = "Catalog", "Modules\Catalog\Catalog\Catalog.csproj", "{F478A7AC-C73F-41CC-9F14-011908B7C6C7}"
EndProject
Project("{FAE04EC0-301F-11D3-BF4B-00C04F79EFBC}") = "Basket", "Modules\Basket\Basket\Basket.csproj", "{EB7FDFD8-F98E-44D3-95E4-4B057DF7308B}"
EndProject
Project("{FAE04EC0-301F-11D3-BF4B-00C04F79EFBC}") = "Ordering", "Modules\Ordering\Ordering\Ordering.csproj", "{397F0C2E-B60F-480C-8137-91C81E36B942}"
EndProject
Project("{FAE04EC0-301F-11D3-BF4B-00C04F79EFBC}") = "Shared", "Shared\Shared\Shared.csproj", "{F2AB1CE7-0264-463B-860D-2970541994F4}"
EndProject
Project("{E53339B2-1760-4266-BCC7-CA923CBCF16C}") = "docker-compose", "docker-compose.dcproj", "{81DDED9D-158B-E303-5F62-77A2896D2A5A}"
EndProject
Global
	GlobalSection(SolutionConfigurationPlatforms) = preSolution
		Debug|Any CPU = Debug|Any CPU
		Release|Any CPU = Release|Any CPU
	EndGlobalSection
	GlobalSection(ProjectConfigurationPlatforms) = postSolution
		{EEEB08BC-1BF7-4326-BEB4-13D9D6693011}.Debug|Any CPU.ActiveCfg = Debug|Any CPU
		{EEEB08BC-1BF7-4326-BEB4-13D9D6693011}.Debug|Any CPU.Build.0 = Debug|Any CPU
		{EEEB08BC-1BF7-4326-BEB4-13D9D6693011}.Release|Any CPU.ActiveCfg = Release|Any CPU
		{EEEB08BC-1BF7-4326-BEB4-13D9D6693011}.Release|Any CPU.Build.0 = Release|Any CPU
		{F478A7AC-C73F-41CC-9F14-011908B7C6C7}.Debug|Any CPU.ActiveCfg = Debug|Any CPU
		{F478A7AC-C73F-41CC-9F14-011908B7C6C7}.Debug|Any CPU.Build.0 = Debug|Any CPU
		{F478A7AC-C73F-41CC-9F14-011908B7C6C7}.Release|Any CPU.ActiveCfg = Release|Any CPU
		{F478A7AC-C73F-41CC-9F14-011908B7C6C7}.Release|Any CPU.Build.0 = Release|Any CPU
		{EB7FDFD8-F98E-44D3-95E4-4B057DF7308B}.Debug|Any CPU.ActiveCfg = Debug|Any CPU
		{EB7FDFD8-F98E-44D3-95E4-4B057DF7308B}.Debug|Any CPU.Build.0 = Debug|Any CPU
		{EB7FDFD8-F98E-44D3-95E4-4B057DF7308B}.Release|Any CPU.ActiveCfg = Release|Any CPU
		{EB7FDFD8-F98E-44D3-95E4-4B057DF7308B}.Release|Any CPU.Build.0 = Release|Any CPU
		{397F0C2E-B60F-480C-8137-91C81E36B942}.Debug|Any CPU.ActiveCfg = Debug|Any CPU
		{397F0C2E-B60F-480C-8137-91C81E36B942}.Debug|Any CPU.Build.0 = Debug|Any CPU
		{397F0C2E-B60F-480C-8137-91C81E36B942}.Release|Any CPU.ActiveCfg = Release|Any CPU
		{397F0C2E-B60F-480C-8137-91C81E36B942}.Release|Any CPU.Build.0 = Release|Any CPU
		{F2AB1CE7-0264-463B-860D-2970541994F4}.Debug|Any CPU.ActiveCfg = Debug|Any CPU
		{F2AB1CE7-0264-463B-860D-2970541994F4}.Debug|Any CPU.Build.0 = Debug|Any CPU
		{F2AB1CE7-0264-463B-860D-2970541994F4}.Release|Any CPU.ActiveCfg = Release|Any CPU
		{F2AB1CE7-0264-463B-860D-2970541994F4}.Release|Any CPU.Build.0 = Release|Any CPU
		{81DDED9D-158B-E303-5F62-77A2896D2A5A}.Debug|Any CPU.ActiveCfg = Debug|Any CPU
		{81DDED9D-158B-E303-5F62-77A2896D2A5A}.Debug|Any CPU.Build.0 = Debug|Any CPU
		{81DDED9D-158B-E303-5F62-77A2896D2A5A}.Release|Any CPU.ActiveCfg = Release|Any CPU
		{81DDED9D-158B-E303-5F62-77A2896D2A5A}.Release|Any CPU.Build.0 = Release|Any CPU
	EndGlobalSection
	GlobalSection(SolutionProperties) = preSolution
		HideSolutionNode = FALSE
	EndGlobalSection
	GlobalSection(NestedProjects) = preSolution
		{EEEB08BC-1BF7-4326-BEB4-13D9D6693011} = {02EA681E-C7D8-13C7-8484-4AC65E1B71E8}
		{CE03BBD9-6C65-43B5-BD5A-49076FEF1D06} = {02D68F58-480F-40B7-B168-4FAD64D60F73}
		{D2EEFD32-46C1-4418-85E8-D5349D312AD0} = {02D68F58-480F-40B7-B168-4FAD64D60F73}
		{33658409-8F4F-4B2A-981B-36351D99482F} = {02D68F58-480F-40B7-B168-4FAD64D60F73}
		{F478A7AC-C73F-41CC-9F14-011908B7C6C7} = {CE03BBD9-6C65-43B5-BD5A-49076FEF1D06}
		{EB7FDFD8-F98E-44D3-95E4-4B057DF7308B} = {D2EEFD32-46C1-4418-85E8-D5349D312AD0}
		{397F0C2E-B60F-480C-8137-91C81E36B942} = {33658409-8F4F-4B2A-981B-36351D99482F}
		{F2AB1CE7-0264-463B-860D-2970541994F4} = {C2C4E7C3-D4A7-48D2-A73E-B3428A36FBD0}
	EndGlobalSection
	GlobalSection(ExtensibilityGlobals) = postSolution
		SolutionGuid = {E0B819D6-B95C-4263-A57B-5FC5F9572CE6}
	EndGlobalSection
EndGlobal
